PODS:
  - AppAuth (1.7.6):
    - AppAuth/Core (= 1.7.6)
    - AppAuth/ExternalUserAgent (= 1.7.6)
  - AppAuth/Core (1.7.6)
  - AppAuth/ExternalUserAgent (1.7.6):
    - AppAuth/Core
  - audioplayers_darwin (0.0.1):
    - Flutter
  - cloud_firestore (4.15.8):
    - Firebase/Firestore (= 10.29.0)
    - firebase_core
    - Flutter
    - nanopb (< 2.30910.0, >= 2.30908.0)
  - Firebase/Auth (10.29.0):
    - Firebase/CoreOnly
    - FirebaseAuth (~> 10.29.0)
  - Firebase/CoreOnly (10.29.0):
    - FirebaseCore (= 10.29.0)
  - Firebase/Firestore (10.29.0):
    - Firebase/CoreOnly
    - FirebaseFirestore (~> 10.29.0)
  - firebase_auth (4.17.8):
    - Firebase/Auth (= 10.29.0)
    - firebase_core
    - Flutter
  - firebase_core (2.27.0):
    - Firebase/CoreOnly (= 10.29.0)
    - Flutter
  - FirebaseAppCheckInterop (10.29.0)
  - FirebaseAuth (10.29.0):
    - FirebaseAppCheckInterop (~> 10.17)
    - FirebaseCore (~> 10.0)
    - GoogleUtilities/AppDelegateSwizzler (~> 7.8)
    - GoogleUtilities/Environment (~> 7.8)
    - GTMSessionFetcher/Core (< 4.0, >= 2.1)
    - RecaptchaInterop (~> 100.0)
  - FirebaseCore (10.29.0):
    - FirebaseCoreInternal (~> 10.0)
    - GoogleUtilities/Environment (~> 7.12)
    - GoogleUtilities/Logger (~> 7.12)
  - FirebaseCoreExtension (10.29.0):
    - FirebaseCore (~> 10.0)
  - FirebaseCoreInternal (10.29.0):
    - "GoogleUtilities/NSData+zlib (~> 7.8)"
  - FirebaseFirestore (10.29.0):
    - FirebaseFirestoreBinary (= 10.29.0)
  - FirebaseFirestoreAbseilBinary (1.2024011601.0)
  - FirebaseFirestoreBinary (10.29.0):
    - FirebaseCore (= 10.29.0)
    - FirebaseCoreExtension (= 10.29.0)
    - FirebaseFirestoreInternalBinary (= 10.29.0)
    - FirebaseSharedSwift (= 10.29.0)
  - FirebaseFirestoreGRPCBoringSSLBinary (1.62.1)
  - FirebaseFirestoreGRPCCoreBinary (1.62.1):
    - FirebaseFirestoreAbseilBinary (= 1.2024011601.0)
    - FirebaseFirestoreGRPCBoringSSLBinary (= 1.62.1)
  - FirebaseFirestoreGRPCCPPBinary (1.62.1):
    - FirebaseFirestoreAbseilBinary (= 1.2024011601.0)
    - FirebaseFirestoreGRPCCoreBinary (= 1.62.1)
  - FirebaseFirestoreInternalBinary (10.29.0):
    - FirebaseCore (= 10.29.0)
    - FirebaseFirestoreAbseilBinary (= 1.2024011601.0)
    - FirebaseFirestoreGRPCCPPBinary (= 1.62.1)
    - leveldb-library (~> 1.22)
    - nanopb (< 2.30911.0, >= 2.30908.0)
  - FirebaseSharedSwift (10.29.0)
  - Flutter (1.0.0)
  - google_sign_in_ios (0.0.1):
    - AppAuth (>= 1.7.4)
    - Flutter
    - FlutterMacOS
    - GoogleSignIn (~> 7.1)
    - GTMSessionFetcher (>= 3.4.0)
  - GoogleSignIn (7.1.0):
    - AppAuth (< 2.0, >= 1.7.3)
    - GTMAppAuth (< 5.0, >= 4.1.1)
    - GTMSessionFetcher/Core (~> 3.3)
  - GoogleUtilities/AppDelegateSwizzler (7.13.3):
    - GoogleUtilities/Environment
    - GoogleUtilities/Logger
    - GoogleUtilities/Network
    - GoogleUtilities/Privacy
  - GoogleUtilities/Environment (7.13.3):
    - GoogleUtilities/Privacy
    - PromisesObjC (< 3.0, >= 1.2)
  - GoogleUtilities/Logger (7.13.3):
    - GoogleUtilities/Environment
    - GoogleUtilities/Privacy
  - GoogleUtilities/Network (7.13.3):
    - GoogleUtilities/Logger
    - "GoogleUtilities/NSData+zlib"
    - GoogleUtilities/Privacy
    - GoogleUtilities/Reachability
  - "GoogleUtilities/NSData+zlib (7.13.3)":
    - GoogleUtilities/Privacy
  - GoogleUtilities/Privacy (7.13.3)
  - GoogleUtilities/Reachability (7.13.3):
    - GoogleUtilities/Logger
    - GoogleUtilities/Privacy
  - GTMAppAuth (4.1.1):
    - AppAuth/Core (~> 1.7)
    - GTMSessionFetcher/Core (< 4.0, >= 3.3)
  - GTMSessionFetcher (3.5.0):
    - GTMSessionFetcher/Full (= 3.5.0)
  - GTMSessionFetcher/Core (3.5.0)
  - GTMSessionFetcher/Full (3.5.0):
    - GTMSessionFetcher/Core
  - leveldb-library (1.22.6)
  - nanopb (2.30909.1):
    - nanopb/decode (= 2.30909.1)
    - nanopb/encode (= 2.30909.1)
  - nanopb/decode (2.30909.1)
  - nanopb/encode (2.30909.1)
  - path_provider_foundation (0.0.1):
    - Flutter
    - FlutterMacOS
  - PromisesObjC (2.4.1)
  - RecaptchaInterop (100.0.0)
  - shared_preferences_foundation (0.0.1):
    - Flutter
    - FlutterMacOS

DEPENDENCIES:
  - audioplayers_darwin (from `.symlinks/plugins/audioplayers_darwin/ios`)
  - cloud_firestore (from `.symlinks/plugins/cloud_firestore/ios`)
  - firebase_auth (from `.symlinks/plugins/firebase_auth/ios`)
  - firebase_core (from `.symlinks/plugins/firebase_core/ios`)
  - FirebaseFirestore (from `https://github.com/invertase/firestore-ios-sdk-frameworks.git`, tag `10.29.0`)
  - Flutter (from `Flutter`)
  - google_sign_in_ios (from `.symlinks/plugins/google_sign_in_ios/darwin`)
  - path_provider_foundation (from `.symlinks/plugins/path_provider_foundation/darwin`)
  - shared_preferences_foundation (from `.symlinks/plugins/shared_preferences_foundation/darwin`)

SPEC REPOS:
  trunk:
    - AppAuth
    - Firebase
    - FirebaseAppCheckInterop
    - FirebaseAuth
    - FirebaseCore
    - FirebaseCoreExtension
    - FirebaseCoreInternal
    - FirebaseFirestoreAbseilBinary
    - FirebaseFirestoreBinary
    - FirebaseFirestoreGRPCBoringSSLBinary
    - FirebaseFirestoreGRPCCoreBinary
    - FirebaseFirestoreGRPCCPPBinary
    - FirebaseFirestoreInternalBinary
    - FirebaseSharedSwift
    - GoogleSignIn
    - GoogleUtilities
    - GTMAppAuth
    - GTMSessionFetcher
    - leveldb-library
    - nanopb
    - PromisesObjC
    - RecaptchaInterop

EXTERNAL SOURCES:
  audioplayers_darwin:
    :path: ".symlinks/plugins/audioplayers_darwin/ios"
  cloud_firestore:
    :path: ".symlinks/plugins/cloud_firestore/ios"
  firebase_auth:
    :path: ".symlinks/plugins/firebase_auth/ios"
  firebase_core:
    :path: ".symlinks/plugins/firebase_core/ios"
  FirebaseFirestore:
    :git: https://github.com/invertase/firestore-ios-sdk-frameworks.git
    :tag: 10.29.0
  Flutter:
    :path: Flutter
  google_sign_in_ios:
    :path: ".symlinks/plugins/google_sign_in_ios/darwin"
  path_provider_foundation:
    :path: ".symlinks/plugins/path_provider_foundation/darwin"
  shared_preferences_foundation:
    :path: ".symlinks/plugins/shared_preferences_foundation/darwin"

CHECKOUT OPTIONS:
  FirebaseFirestore:
    :git: https://github.com/invertase/firestore-ios-sdk-frameworks.git
    :tag: 10.29.0

SPEC CHECKSUMS:
  AppAuth: d4f13a8fe0baf391b2108511793e4b479691fb73
  audioplayers_darwin: ccf9c770ee768abb07e26d90af093f7bab1c12ab
  cloud_firestore: afa3f1ec8c44b52cb7fcb9b47b1deda49903c70f
  Firebase: cec914dab6fd7b1bd8ab56ea07ce4e03dd251c2d
  firebase_auth: 5a65d39c02d698c7c9b1d6072cefda4526a4851f
  firebase_core: decaf59b885c63ba735cdd33b5cda20822de39de
  FirebaseAppCheckInterop: 6a1757cfd4067d8e00fccd14fcc1b8fd78cfac07
  FirebaseAuth: e2ebfaf9fb4638a1c9a3b0efd17d1b90943987cd
  FirebaseCore: 30e9c1cbe3d38f5f5e75f48bfcea87d7c358ec16
  FirebaseCoreExtension: 705ca5b14bf71d2564a0ddc677df1fc86ffa600f
  FirebaseCoreInternal: df84dd300b561c27d5571684f389bf60b0a5c934
  FirebaseFirestore: 288ad1fd0a8000d1ccd60dd2f0397b332357c045
  FirebaseFirestoreAbseilBinary: bd0451946879e0e01327c8efc35896bb273009c4
  FirebaseFirestoreBinary: 293e2ff417ba7ae027424e18746a3789b32348c0
  FirebaseFirestoreGRPCBoringSSLBinary: c3007e61593e4583ec3bb8b34ce654663663b690
  FirebaseFirestoreGRPCCoreBinary: 1243fc6604a52912694635f891916976924931ed
  FirebaseFirestoreGRPCCPPBinary: e447b3a7c060c0abfc4e2c9f6fb53bf7635ded66
  FirebaseFirestoreInternalBinary: 8a6fe5f91269d3482f253c7a936e341389bfd52e
  FirebaseSharedSwift: 20530f495084b8d840f78a100d8c5ee613375f6e
  Flutter: e0871f40cf51350855a761d2e70bf5af5b9b5de7
  google_sign_in_ios: 0ab078e60da6dfe23cbc55c83502b52bba1aad63
  GoogleSignIn: d4281ab6cf21542b1cfaff85c191f230b399d2db
  GoogleUtilities: ea963c370a38a8069cc5f7ba4ca849a60b6d7d15
  GTMAppAuth: f69bd07d68cd3b766125f7e072c45d7340dea0de
  GTMSessionFetcher: 5aea5ba6bd522a239e236100971f10cb71b96ab6
  leveldb-library: cc8b8f8e013647a295ad3f8cd2ddf49a6f19be19
  nanopb: d4d75c12cd1316f4a64e3c6963f879ecd4b5e0d5
  path_provider_foundation: 080d55be775b7414fd5a5ef3ac137b97b097e564
  PromisesObjC: 752c3227f599e3467650e47ea36f433eeb10c273
  RecaptchaInterop: 7d1a4a01a6b2cb1610a47ef3f85f0c411434cb21
  shared_preferences_foundation: 9e1978ff2562383bd5676f64ec4e9aa8fa06a6f7

PODFILE CHECKSUM: ad81c978e2828ca5ea5e0603eae1031a34b9eed0

COCOAPODS: 1.16.2
